// !$*UTF8*$!
{
	archiveVersion = 1;
	classes = {
	};
	objectVersion = 55;
	objects = {

/* Begin PBXBuildFile section */
		33CEC66D276BF4E600385765 /* WeatherView.swift in Sources */ = {isa = PBXBuildFile; fileRef = 33CEC66C276BF4E600385765 /* WeatherView.swift */; };
		33CEC66F276BF50D00385765 /* ModelData.swift in Sources */ = {isa = PBXBuildFile; fileRef = 33CEC66E276BF50D00385765 /* ModelData.swift */; };
		33CEC671276BF62F00385765 /* weatherdata.json in Resources */ = {isa = PBXBuildFile; fileRef = 33CEC670276BF62F00385765 /* weatherdata.json */; };
		33CEC673276BF85200385765 /* Extensions.swift in Sources */ = {isa = PBXBuildFile; fileRef = 33CEC672276BF85200385765 /* Extensions.swift */; };
		33CEC677276C019000385765 /* WeatherRow.swift in Sources */ = {isa = PBXBuildFile; fileRef = 33CEC676276C019000385765 /* WeatherRow.swift */; };
		33D945B3276BD54700C93687 /* WeatherAppApp.swift in Sources */ = {isa = PBXBuildFile; fileRef = 33D945B2276BD54700C93687 /* WeatherAppApp.swift */; };
		33D945B5276BD54700C93687 /* ContentView.swift in Sources */ = {isa = PBXBuildFile; fileRef = 33D945B4276BD54700C93687 /* ContentView.swift */; };
		33D945B7276BD54800C93687 /* Assets.xcassets in Resources */ = {isa = PBXBuildFile; fileRef = 33D945B6276BD54800C93687 /* Assets.xcassets */; };
		33D945BA276BD54800C93687 /* Preview Assets.xcassets in Resources */ = {isa = PBXBuildFile; fileRef = 33D945B9276BD54800C93687 /* Preview Assets.xcassets */; };
		33D945C2276BD66B00C93687 /* LocationManager.swift in Sources */ = {isa = PBXBuildFile; fileRef = 33D945C1276BD66B00C93687 /* LocationManager.swift */; };
		33D945C5276BDBC100C93687 /* WelcomeView.swift in Sources */ = {isa = PBXBuildFile; fileRef = 33D945C4276BDBC100C93687 /* WelcomeView.swift */; };
		33D945C7276BE07E00C93687 /* LoadingView.swift in Sources */ = {isa = PBXBuildFile; fileRef = 33D945C6276BE07E00C93687 /* LoadingView.swift */; };
		33D945C9276BE1F800C93687 /* WeatherManager.swift in Sources */ = {isa = PBXBuildFile; fileRef = 33D945C8276BE1F800C93687 /* WeatherManager.swift */; };
/* End PBXBuildFile section */

/* Begin PBXFileReference section */
		33CEC66C276BF4E600385765 /* WeatherView.swift */ = {isa = PBXFileReference; lastKnownFileType = sourcecode.swift; path = WeatherView.swift; sourceTree = "<group>"; };
		33CEC66E276BF50D00385765 /* ModelData.swift */ = {isa = PBXFileReference; lastKnownFileType = sourcecode.swift; path = ModelData.swift; sourceTree = "<group>"; };
		33CEC670276BF62F00385765 /* weatherdata.json */ = {isa = PBXFileReference; lastKnownFileType = text.json; path = weatherdata.json; sourceTree = "<group>"; };
		33CEC672276BF85200385765 /* Extensions.swift */ = {isa = PBXFileReference; lastKnownFileType = sourcecode.swift; path = Extensions.swift; sourceTree = "<group>"; };
		33CEC676276C019000385765 /* WeatherRow.swift */ = {isa = PBXFileReference; lastKnownFileType = sourcecode.swift; path = WeatherRow.swift; sourceTree = "<group>"; };
		33D945AF276BD54700C93687 /* WeatherApp.app */ = {isa = PBXFileReference; explicitFileType = wrapper.application; includeInIndex = 0; path = WeatherApp.app; sourceTree = BUILT_PRODUCTS_DIR; };
		33D945B2276BD54700C93687 /* WeatherAppApp.swift */ = {isa = PBXFileReference; lastKnownFileType = sourcecode.swift; path = WeatherAppApp.swift; sourceTree = "<group>"; };
		33D945B4276BD54700C93687 /* ContentView.swift */ = {isa = PBXFileReference; lastKnownFileType = sourcecode.swift; path = ContentView.swift; sourceTree = "<group>"; };
		33D945B6276BD54800C93687 /* Assets.xcassets */ = {isa = PBXFileReference; lastKnownFileType = folder.assetcatalog; path = Assets.xcassets; sourceTree = "<group>"; };
		33D945B9276BD54800C93687 /* Preview Assets.xcassets */ = {isa = PBXFileReference; lastKnownFileType = folder.assetcatalog; path = "Preview Assets.xcassets"; sourceTree = "<group>"; };
		33D945C1276BD66B00C93687 /* LocationManager.swift */ = {isa = PBXFileReference; lastKnownFileType = sourcecode.swift; path = LocationManager.swift; sourceTree = "<group>"; };
		33D945C4276BDBC100C93687 /* WelcomeView.swift */ = {isa = PBXFileReference; lastKnownFileType = sourcecode.swift; path = WelcomeView.swift; sourceTree = "<group>"; };
		33D945C6276BE07E00C93687 /* LoadingView.swift */ = {isa = PBXFileReference; lastKnownFileType = sourcecode.swift; path = LoadingView.swift; sourceTree = "<group>"; };
		33D945C8276BE1F800C93687 /* WeatherManager.swift */ = {isa = PBXFileReference; lastKnownFileType = sourcecode.swift; path = WeatherManager.swift; sourceTree = "<group>"; };
/* End PBXFileReference section */

/* Begin PBXFrameworksBuildPhase section */
		33D945AC276BD54700C93687 /* Frameworks */ = {
			isa = PBXFrameworksBuildPhase;
			buildActionMask = 2147483647;
			files = (
			);
			runOnlyForDeploymentPostprocessing = 0;
		};
/* End PBXFrameworksBuildPhase section */

/* Begin PBXGroup section */
		33CEC674276C016800385765 /* Compnents */ = {
			isa = PBXGroup;
			children = (
				33CEC676276C019000385765 /* WeatherRow.swift */,
			);
			path = Compnents;
			sourceTree = "<group>";
		};
		33D945A6276BD54700C93687 = {
			isa = PBXGroup;
			children = (
				33D945B1276BD54700C93687 /* WeatherApp */,
				33D945B0276BD54700C93687 /* Products */,
			);
			sourceTree = "<group>";
		};
		33D945B0276BD54700C93687 /* Products */ = {
			isa = PBXGroup;
			children = (
				33D945AF276BD54700C93687 /* WeatherApp.app */,
			);
			name = Products;
			sourceTree = "<group>";
		};
		33D945B1276BD54700C93687 /* WeatherApp */ = {
			isa = PBXGroup;
			children = (
				33CEC674276C016800385765 /* Compnents */,
				33D945B2276BD54700C93687 /* WeatherAppApp.swift */,
				33D945C3276BDB7900C93687 /* Views */,
				33D945C0276BD65600C93687 /* Managers */,
				33CEC672276BF85200385765 /* Extensions.swift */,
				33D945B6276BD54800C93687 /* Assets.xcassets */,
				33D945B8276BD54800C93687 /* Preview Content */,
			);
			path = WeatherApp;
			sourceTree = "<group>";
		};
		33D945B8276BD54800C93687 /* Preview Content */ = {
			isa = PBXGroup;
			children = (
				33D945B9276BD54800C93687 /* Preview Assets.xcassets */,
				33CEC66E276BF50D00385765 /* ModelData.swift */,
				33CEC670276BF62F00385765 /* weatherdata.json */,
			);
			path = "Preview Content";
			sourceTree = "<group>";
		};
		33D945C0276BD65600C93687 /* Managers */ = {
			isa = PBXGroup;
			children = (
				33D945C1276BD66B00C93687 /* LocationManager.swift */,
				33D945C8276BE1F800C93687 /* WeatherManager.swift */,
			);
			path = Managers;
			sourceTree = "<group>";
		};
		33D945C3276BDB7900C93687 /* Views */ = {
			isa = PBXGroup;
			children = (
				33D945B4276BD54700C93687 /* ContentView.swift */,
				33D945C4276BDBC100C93687 /* WelcomeView.swift */,
				33D945C6276BE07E00C93687 /* LoadingView.swift */,
				33CEC66C276BF4E600385765 /* WeatherView.swift */,
			);
			path = Views;
			sourceTree = "<group>";
		};
/* End PBXGroup section */

/* Begin PBXNativeTarget section */
		33D945AE276BD54700C93687 /* WeatherApp */ = {
			isa = PBXNativeTarget;
			buildConfigurationList = 33D945BD276BD54800C93687 /* Build configuration list for PBXNativeTarget "WeatherApp" */;
			buildPhases = (
				33D945AB276BD54700C93687 /* Sources */,
				33D945AC276BD54700C93687 /* Frameworks */,
				33D945AD276BD54700C93687 /* Resources */,
			);
			buildRules = (
			);
			dependencies = (
			);
			name = WeatherApp;
			productName = WeatherApp;
			productReference = 33D945AF276BD54700C93687 /* WeatherApp.app */;
			productType = "com.apple.product-type.application";
		};
/* End PBXNativeTarget section */

/* Begin PBXProject section */
		33D945A7276BD54700C93687 /* Project object */ = {
			isa = PBXProject;
			attributes = {
				BuildIndependentTargetsInParallel = 1;
				LastSwiftUpdateCheck = 1320;
				LastUpgradeCheck = 1320;
				TargetAttributes = {
					33D945AE276BD54700C93687 = {
						CreatedOnToolsVersion = 13.2;
					};
				};
			};
			buildConfigurationList = 33D945AA276BD54700C93687 /* Build configuration list for PBXProject "WeatherApp" */;
			compatibilityVersion = "Xcode 13.0";
			developmentRegion = en;
			hasScannedForEncodings = 0;
			knownRegions = (
				en,
				Base,
			);
			mainGroup = 33D945A6276BD54700C93687;
			productRefGroup = 33D945B0276BD54700C93687 /* Products */;
			projectDirPath = "";
			projectRoot = "";
			targets = (
				33D945AE276BD54700C93687 /* WeatherApp */,
			);
		};
/* End PBXProject section */

/* Begin PBXResourcesBuildPhase section */
		33D945AD276BD54700C93687 /* Resources */ = {
			isa = PBXResourcesBuildPhase;
			buildActionMask = 2147483647;
			files = (
				33D945BA276BD54800C93687 /* Preview Assets.xcassets in Resources */,
				33D945B7276BD54800C93687 /* Assets.xcassets in Resources */,
				33CEC671276BF62F00385765 /* weatherdata.json in Resources */,
			);
			runOnlyForDeploymentPostprocessing = 0;
		};
/* End PBXResourcesBuildPhase section */

/* Begin PBXSourcesBuildPhase section */
		33D945AB276BD54700C93687 /* Sources */ = {
			isa = PBXSourcesBuildPhase;
			buildActionMask = 2147483647;
			files = (
				33D945C9276BE1F800C93687 /* WeatherManager.swift in Sources */,
				33CEC673276BF85200385765 /* Extensions.swift in Sources */,
				33D945B5276BD54700C93687 /* ContentView.swift in Sources */,
				33D945B3276BD54700C93687 /* WeatherAppApp.swift in Sources */,
				33D945C2276BD66B00C93687 /* LocationManager.swift in Sources */,
				33CEC677276C019000385765 /* WeatherRow.swift in Sources */,
				33D945C7276BE07E00C93687 /* LoadingView.swift in Sources */,
				33CEC66F276BF50D00385765 /* ModelData.swift in Sources */,
				33CEC66D276BF4E600385765 /* WeatherView.swift in Sources */,
				33D945C5276BDBC100C93687 /* WelcomeView.swift in Sources */,
			);
			runOnlyForDeploymentPostprocessing = 0;
		};
/* End PBXSourcesBuildPhase section */

/* Begin XCBuildConfiguration section */
		33D945BB276BD54800C93687 /* Debug */ = {
			isa = XCBuildConfiguration;
			buildSettings = {
				ALWAYS_SEARCH_USER_PATHS = NO;
				CLANG_ANALYZER_NONNULL = YES;
				CLANG_ANALYZER_NUMBER_OBJECT_CONVERSION = YES_AGGRESSIVE;
				CLANG_CXX_LANGUAGE_STANDARD = "gnu++17";
				CLANG_CXX_LIBRARY = "libc++";
				CLANG_ENABLE_MODULES = YES;
				CLANG_ENABLE_OBJC_ARC = YES;
				CLANG_ENABLE_OBJC_WEAK = YES;
				CLANG_WARN_BLOCK_CAPTURE_AUTORELEASING = YES;
				CLANG_WARN_BOOL_CONVERSION = YES;
				CLANG_WARN_COMMA = YES;
				CLANG_WARN_CONSTANT_CONVERSION = YES;
				CLANG_WARN_DEPRECATED_OBJC_IMPLEMENTATIONS = YES;
				CLANG_WARN_DIRECT_OBJC_ISA_USAGE = YES_ERROR;
				CLANG_WARN_DOCUMENTATION_COMMENTS = YES;
				CLANG_WARN_EMPTY_BODY = YES;
				CLANG_WARN_ENUM_CONVERSION = YES;
				CLANG_WARN_INFINITE_RECURSION = YES;
				CLANG_WARN_INT_CONVERSION = YES;
				CLANG_WARN_NON_LITERAL_NULL_CONVERSION = YES;
				CLANG_WARN_OBJC_IMPLICIT_RETAIN_SELF = YES;
				CLANG_WARN_OBJC_LITERAL_CONVERSION = YES;
				CLANG_WARN_OBJC_ROOT_CLASS = YES_ERROR;
				CLANG_WARN_QUOTED_INCLUDE_IN_FRAMEWORK_HEADER = YES;
				CLANG_WARN_RANGE_LOOP_ANALYSIS = YES;
				CLANG_WARN_STRICT_PROTOTYPES = YES;
				CLANG_WARN_SUSPICIOUS_MOVE = YES;
				CLANG_WARN_UNGUARDED_AVAILABILITY = YES_AGGRESSIVE;
				CLANG_WARN_UNREACHABLE_CODE = YES;
				CLANG_WARN__DUPLICATE_METHOD_MATCH = YES;
				COPY_PHASE_STRIP = NO;
				DEBUG_INFORMATION_FORMAT = dwarf;
				ENABLE_STRICT_OBJC_MSGSEND = YES;
				ENABLE_TESTABILITY = YES;
				GCC_C_LANGUAGE_STANDARD = gnu11;
				GCC_DYNAMIC_NO_PIC = NO;
				GCC_NO_COMMON_BLOCKS = YES;
				GCC_OPTIMIZATION_LEVEL = 0;
				GCC_PREPROCESSOR_DEFINITIONS = (
					"DEBUG=1",
					"$(inherited)",
				);
				GCC_WARN_64_TO_32_BIT_CONVERSION = YES;
				GCC_WARN_ABOUT_RETURN_TYPE = YES_ERROR;
				GCC_WARN_UNDECLARED_SELECTOR = YES;
				GCC_WARN_UNINITIALIZED_AUTOS = YES_AGGRESSIVE;
				GCC_WARN_UNUSED_FUNCTION = YES;
				GCC_WARN_UNUSED_VARIABLE = YES;
				IPHONEOS_DEPLOYMENT_TARGET = 15.2;
				MTL_ENABLE_DEBUG_INFO = INCLUDE_SOURCE;
				MTL_FAST_MATH = YES;
				ONLY_ACTIVE_ARCH = YES;
				SDKROOT = iphoneos;
				SWIFT_ACTIVE_COMPILATION_CONDITIONS = DEBUG;
				SWIFT_OPTIMIZATION_LEVEL = "-Onone";
			};
			name = Debug;
		};
		33D945BC276BD54800C93687 /* Release */ = {
			isa = XCBuildConfiguration;
			buildSettings = {
				ALWAYS_SEARCH_USER_PATHS = NO;
				CLANG_ANALYZER_NONNULL = YES;
				CLANG_ANALYZER_NUMBER_OBJECT_CONVERSION = YES_AGGRESSIVE;
				CLANG_CXX_LANGUAGE_STANDARD = "gnu++17";
				CLANG_CXX_LIBRARY = "libc++";
				CLANG_ENABLE_MODULES = YES;
				CLANG_ENABLE_OBJC_ARC = YES;
				CLANG_ENABLE_OBJC_WEAK = YES;
				CLANG_WARN_BLOCK_CAPTURE_AUTORELEASING = YES;
				CLANG_WARN_BOOL_CONVERSION = YES;
				CLANG_WARN_COMMA = YES;
				CLANG_WARN_CONSTANT_CONVERSION = YES;
				CLANG_WARN_DEPRECATED_OBJC_IMPLEMENTATIONS = YES;
				CLANG_WARN_DIRECT_OBJC_ISA_USAGE = YES_ERROR;
				CLANG_WARN_DOCUMENTATION_COMMENTS = YES;
				CLANG_WARN_EMPTY_BODY = YES;
				CLANG_WARN_ENUM_CONVERSION = YES;
				CLANG_WARN_INFINITE_RECURSION = YES;
				CLANG_WARN_INT_CONVERSION = YES;
				CLANG_WARN_NON_LITERAL_NULL_CONVERSION = YES;
				CLANG_WARN_OBJC_IMPLICIT_RETAIN_SELF = YES;
				CLANG_WARN_OBJC_LITERAL_CONVERSION = YES;
				CLANG_WARN_OBJC_ROOT_CLASS = YES_ERROR;
				CLANG_WARN_QUOTED_INCLUDE_IN_FRAMEWORK_HEADER = YES;
				CLANG_WARN_RANGE_LOOP_ANALYSIS = YES;
				CLANG_WARN_STRICT_PROTOTYPES = YES;
				CLANG_WARN_SUSPICIOUS_MOVE = YES;
				CLANG_WARN_UNGUARDED_AVAILABILITY = YES_AGGRESSIVE;
				CLANG_WARN_UNREACHABLE_CODE = YES;
				CLANG_WARN__DUPLICATE_METHOD_MATCH = YES;
				COPY_PHASE_STRIP = NO;
				DEBUG_INFORMATION_FORMAT = "dwarf-with-dsym";
				ENABLE_NS_ASSERTIONS = NO;
				ENABLE_STRICT_OBJC_MSGSEND = YES;
				GCC_C_LANGUAGE_STANDARD = gnu11;
				GCC_NO_COMMON_BLOCKS = YES;
				GCC_WARN_64_TO_32_BIT_CONVERSION = YES;
				GCC_WARN_ABOUT_RETURN_TYPE = YES_ERROR;
				GCC_WARN_UNDECLARED_SELECTOR = YES;
				GCC_WARN_UNINITIALIZED_AUTOS = YES_AGGRESSIVE;
				GCC_WARN_UNUSED_FUNCTION = YES;
				GCC_WARN_UNUSED_VARIABLE = YES;
				IPHONEOS_DEPLOYMENT_TARGET = 15.2;
				MTL_ENABLE_DEBUG_INFO = NO;
				MTL_FAST_MATH = YES;
				SDKROOT = iphoneos;
				SWIFT_COMPILATION_MODE = wholemodule;
				SWIFT_OPTIMIZATION_LEVEL = "-O";
				VALIDATE_PRODUCT = YES;
			};
			name = Release;
		};
		33D945BE276BD54800C93687 /* Debug */ = {
			isa = XCBuildConfiguration;
			buildSettings = {
				ASSETCATALOG_COMPILER_APPICON_NAME = AppIcon;
				ASSETCATALOG_COMPILER_GLOBAL_ACCENT_COLOR_NAME = AccentColor;
				CODE_SIGN_STYLE = Automatic;
				CURRENT_PROJECT_VERSION = 1;
				DEVELOPMENT_ASSET_PATHS = "\"WeatherApp/Preview Content\"";
				ENABLE_PREVIEWS = YES;
				GENERATE_INFOPLIST_FILE = YES;
				INFOPLIST_KEY_UIApplicationSceneManifest_Generation = YES;
				INFOPLIST_KEY_UIApplicationSupportsIndirectInputEvents = YES;
				INFOPLIST_KEY_UILaunchScreen_Generation = YES;
				INFOPLIST_KEY_UISupportedInterfaceOrientations_iPad = "UIInterfaceOrientationPortrait UIInterfaceOrientationPortraitUpsideDown UIInterfaceOrientationLandscapeLeft UIInterfaceOrientationLandscapeRight";
				INFOPLIST_KEY_UISupportedInterfaceOrientations_iPhone = "UIInterfaceOrientationPortrait UIInterfaceOrientationLandscapeLeft UIInterfaceOrientationLandscapeRight";
				LD_RUNPATH_SEARCH_PATHS = (
					"$(inherited)",
					"@executable_path/Frameworks",
				);
				MARKETING_VERSION = 1.0;
				PRODUCT_BUNDLE_IDENTIFIER = TomasVSantos.WeatherApp;
				PRODUCT_NAME = "$(TARGET_NAME)";
				SWIFT_EMIT_LOC_STRINGS = YES;
				SWIFT_VERSION = 5.0;
				TARGETED_DEVICE_FAMILY = "1,2";
			};
			name = Debug;
		};
		33D945BF276BD54800C93687 /* Release */ = {
			isa = XCBuildConfiguration;
			buildSettings = {
				ASSETCATALOG_COMPILER_APPICON_NAME = AppIcon;
				ASSETCATALOG_COMPILER_GLOBAL_ACCENT_COLOR_NAME = AccentColor;
				CODE_SIGN_STYLE = Automatic;
				CURRENT_PROJECT_VERSION = 1;
				DEVELOPMENT_ASSET_PATHS = "\"WeatherApp/Preview Content\"";
				ENABLE_PREVIEWS = YES;
				GENERATE_INFOPLIST_FILE = YES;
				INFOPLIST_KEY_UIApplicationSceneManifest_Generation = YES;
				INFOPLIST_KEY_UIApplicationSupportsIndirectInputEvents = YES;
				INFOPLIST_KEY_UILaunchScreen_Generation = YES;
				INFOPLIST_KEY_UISupportedInterfaceOrientations_iPad = "UIInterfaceOrientationPortrait UIInterfaceOrientationPortraitUpsideDown UIInterfaceOrientationLandscapeLeft UIInterfaceOrientationLandscapeRight";
				INFOPLIST_KEY_UISupportedInterfaceOrientations_iPhone = "UIInterfaceOrientationPortrait UIInterfaceOrientationLandscapeLeft UIInterfaceOrientationLandscapeRight";
				LD_RUNPATH_SEARCH_PATHS = (
					"$(inherited)",
					"@executable_path/Frameworks",
				);
				MARKETING_VERSION = 1.0;
				PRODUCT_BUNDLE_IDENTIFIER = TomasVSantos.WeatherApp;
				PRODUCT_NAME = "$(TARGET_NAME)";
				SWIFT_EMIT_LOC_STRINGS = YES;
				SWIFT_VERSION = 5.0;
				TARGETED_DEVICE_FAMILY = "1,2";
			};
			name = Release;
		};
/* End XCBuildConfiguration section */

/* Begin XCConfigurationList section */
		33D945AA276BD54700C93687 /* Build configuration list for PBXProject "WeatherApp" */ = {
			isa = XCConfigurationList;
			buildConfigurations = (
				33D945BB276BD54800C93687 /* Debug */,
				33D945BC276BD54800C93687 /* Release */,
			);
			defaultConfigurationIsVisible = 0;
			defaultConfigurationName = Release;
		};
		33D945BD276BD54800C93687 /* Build configuration list for PBXNativeTarget "WeatherApp" */ = {
			isa = XCConfigurationList;
			buildConfigurations = (
				33D945BE276BD54800C93687 /* Debug */,
				33D945BF276BD54800C93687 /* Release */,
			);
			defaultConfigurationIsVisible = 0;
			defaultConfigurationName = Release;
		};
/* End XCConfigurationList section */
	};
	rootObject = 33D945A7276BD54700C93687 /* Project object */;
}
